{
  "version": 4,
  "terraform_version": "0.15.1",
  "serial": 51,
  "lineage": "ad6d6d6f-e9d2-65fb-2b74-64531990939a",
  "outputs": {
    "ip": {
      "value": "34.82.48.84",
      "type": "string"
    }
  },
  "resources": [
    {
      "mode": "managed",
      "type": "google_compute_instance",
      "name": "default",
      "provider": "provider[\"registry.terraform.io/hashicorp/google\"]",
      "instances": [
        {
          "schema_version": 6,
          "attributes": {
            "allow_stopping_for_update": null,
            "attached_disk": [],
            "boot_disk": [
              {
                "auto_delete": true,
                "device_name": "persistent-disk-0",
                "disk_encryption_key_raw": "",
                "disk_encryption_key_sha256": "",
                "initialize_params": [
                  {
                    "image": "https://www.googleapis.com/compute/v1/projects/debian-cloud/global/images/debian-9-stretch-v20210420",
                    "labels": {},
                    "size": 10,
                    "type": "pd-standard"
                  }
                ],
                "kms_key_self_link": "",
                "mode": "READ_WRITE",
                "source": "https://www.googleapis.com/compute/v1/projects/practica-312603/zones/us-west1-a/disks/practica-312603--740c865481ec8f3a"
              }
            ],
            "can_ip_forward": false,
            "confidential_instance_config": [],
            "cpu_platform": "Intel Broadwell",
            "current_status": "RUNNING",
            "deletion_protection": false,
            "description": "",
            "desired_status": null,
            "enable_display": false,
            "guest_accelerator": [],
            "hostname": "",
            "id": "projects/practica-312603/zones/us-west1-a/instances/practica-312603--740c865481ec8f3a",
            "instance_id": "7979921292082164821",
            "label_fingerprint": "42WmSpB8rSM=",
            "labels": null,
            "machine_type": "f1-micro",
            "metadata": {
              "ssh-keys": "monica-261:ssh-rsa AAAAB3NzaC1yc2EAAAADAQABAAABAQC67dKttsFjszfaeOt2Jj67osPTVAxMIsasHabp9ePPpYIF0sZmiznKDaxV5E4edOn1rFcxOJhZcjNG+fe2vDU41zc2MrivcWO0KZQVOSsXxdAvjZjKrbTjj21u/23tMrZ9k3jg5f+hyBeoQ4CsGta0+ACsJ2EcsHCMCU5mk28NYVXjbQzIJamcgTDzp1bt1n9PnvAHX2QxfVuIZzWVdAo9xUNiSnZC3OQi9gAf+NwsDXZf5RKVe3BGmNzTWGW28K+6Y3qiWLqXlPqESj9fKtmMrx7GL/7l4JFynB0LeZtfHmpM5uNLThNVK0tdxgYU0cjRQs+F3shOFS1qTWFQ0Oop monica-261@DESKTOP-I94A75A\r\n"
            },
            "metadata_fingerprint": "uEVRpFicstw=",
            "metadata_startup_script": "sudo apt-get update; sudo apt-get install -yq build-essential python-pip rsync; pip install flask",
            "min_cpu_platform": "",
            "name": "practica-312603--740c865481ec8f3a",
            "network_interface": [
              {
                "access_config": [
                  {
                    "nat_ip": "34.82.48.84",
                    "network_tier": "PREMIUM",
                    "public_ptr_domain_name": ""
                  }
                ],
                "alias_ip_range": [],
                "name": "nic0",
                "network": "https://www.googleapis.com/compute/v1/projects/practica-312603/global/networks/default",
                "network_ip": "10.138.0.6",
                "nic_type": "",
                "subnetwork": "https://www.googleapis.com/compute/v1/projects/practica-312603/regions/us-west1/subnetworks/default",
                "subnetwork_project": "practica-312603"
              }
            ],
            "project": "practica-312603",
            "resource_policies": null,
            "scheduling": [
              {
                "automatic_restart": true,
                "min_node_cpus": 0,
                "node_affinities": [],
                "on_host_maintenance": "MIGRATE",
                "preemptible": false
              }
            ],
            "scratch_disk": [],
            "self_link": "https://www.googleapis.com/compute/v1/projects/practica-312603/zones/us-west1-a/instances/practica-312603--740c865481ec8f3a",
            "service_account": [],
            "shielded_instance_config": [],
            "tags": null,
            "tags_fingerprint": "42WmSpB8rSM=",
            "timeouts": null,
            "zone": "us-west1-a"
          },
          "sensitive_attributes": [],
          "private": "eyJlMmJmYjczMC1lY2FhLTExZTYtOGY4OC0zNDM2M2JjN2M0YzAiOnsiY3JlYXRlIjoxMjAwMDAwMDAwMDAwLCJkZWxldGUiOjEyMDAwMDAwMDAwMDAsInVwZGF0ZSI6MTIwMDAwMDAwMDAwMH0sInNjaGVtYV92ZXJzaW9uIjoiNiJ9",
          "dependencies": [
            "random_id.instance_id"
          ]
        }
      ]
    },
    {
      "mode": "managed",
      "type": "random_id",
      "name": "instance_id",
      "provider": "provider[\"registry.terraform.io/hashicorp/random\"]",
      "instances": [
        {
          "schema_version": 0,
          "attributes": {
            "b64_std": "dAyGVIHsjzo=",
            "b64_url": "dAyGVIHsjzo",
            "byte_length": 8,
            "dec": "8362206305635307322",
            "hex": "740c865481ec8f3a",
            "id": "dAyGVIHsjzo",
            "keepers": null,
            "prefix": null
          },
          "sensitive_attributes": [],
          "private": "bnVsbA=="
        }
      ]
    }
  ]
}
